// !$*UTF8*$!
{
	archiveVersion = 1;
	classes = {
	};
	objectVersion = 48;
	objects = {

/* Begin PBXBuildFile section */
		C162262A7D88AE65585C894D /* libPods-BaseDemo.a in Frameworks */ = {isa = PBXBuildFile; fileRef = 2C0D893B7313EE4C7E11A643 /* libPods-BaseDemo.a */; };
		F6074F0F20B269000013A6C8 /* SnowView.m in Sources */ = {isa = PBXBuildFile; fileRef = F6074F0E20B269000013A6C8 /* SnowView.m */; };
		F63428882063B89E00E2B9F5 /* NetworkCache.m in Sources */ = {isa = PBXBuildFile; fileRef = F63428872063B89E00E2B9F5 /* NetworkCache.m */; };
		F6407A7A20A575280029516D /* FireworksView.m in Sources */ = {isa = PBXBuildFile; fileRef = F6407A7920A575280029516D /* FireworksView.m */; };
		F6407A9120A59DD30029516D /* SportsCarView.m in Sources */ = {isa = PBXBuildFile; fileRef = F6407A9020A59DD30029516D /* SportsCarView.m */; };
		F6407A9320A59DD80029516D /* SportsCarView.xib in Resources */ = {isa = PBXBuildFile; fileRef = F6407A9220A59DD80029516D /* SportsCarView.xib */; };
		F6407A9620A59DE40029516D /* PlaneView.m in Sources */ = {isa = PBXBuildFile; fileRef = F6407A9520A59DE40029516D /* PlaneView.m */; };
		F6407A9820A59DE80029516D /* PlaneView.xib in Resources */ = {isa = PBXBuildFile; fileRef = F6407A9720A59DE80029516D /* PlaneView.xib */; };
		F6407A9B20A68AA20029516D /* RocketView.m in Sources */ = {isa = PBXBuildFile; fileRef = F6407A9A20A68AA20029516D /* RocketView.m */; };
		F6407A9D20A68AB60029516D /* RocketView.xib in Resources */ = {isa = PBXBuildFile; fileRef = F6407A9C20A68AB60029516D /* RocketView.xib */; };
		F6407AA020A68CCF0029516D /* DiamondView.m in Sources */ = {isa = PBXBuildFile; fileRef = F6407A9F20A68CCF0029516D /* DiamondView.m */; };
		F64F4E2520AD30140060AD1A /* NetworkView.m in Sources */ = {isa = PBXBuildFile; fileRef = F64F4E2420AD30140060AD1A /* NetworkView.m */; };
		F67109341FD656C000D2C2C2 /* AppDelegate.m in Sources */ = {isa = PBXBuildFile; fileRef = F67109331FD656C000D2C2C2 /* AppDelegate.m */; };
		F67109371FD656C000D2C2C2 /* ViewController.m in Sources */ = {isa = PBXBuildFile; fileRef = F67109361FD656C000D2C2C2 /* ViewController.m */; };
		F671093A1FD656C000D2C2C2 /* Main.storyboard in Resources */ = {isa = PBXBuildFile; fileRef = F67109381FD656C000D2C2C2 /* Main.storyboard */; };
		F671093C1FD656C000D2C2C2 /* Assets.xcassets in Resources */ = {isa = PBXBuildFile; fileRef = F671093B1FD656C000D2C2C2 /* Assets.xcassets */; };
		F671093F1FD656C000D2C2C2 /* LaunchScreen.storyboard in Resources */ = {isa = PBXBuildFile; fileRef = F671093D1FD656C000D2C2C2 /* LaunchScreen.storyboard */; };
		F67109421FD656C000D2C2C2 /* main.m in Sources */ = {isa = PBXBuildFile; fileRef = F67109411FD656C000D2C2C2 /* main.m */; };
		F671094C1FD656C100D2C2C2 /* BaseDemoTests.m in Sources */ = {isa = PBXBuildFile; fileRef = F671094B1FD656C100D2C2C2 /* BaseDemoTests.m */; };
		F67109571FD656C100D2C2C2 /* BaseDemoUITests.m in Sources */ = {isa = PBXBuildFile; fileRef = F67109561FD656C100D2C2C2 /* BaseDemoUITests.m */; };
		F67C045420CA20D6009B8452 /* LICENSE in Resources */ = {isa = PBXBuildFile; fileRef = F67C043820CA20D6009B8452 /* LICENSE */; };
		F67C045520CA20D6009B8452 /* NSLayoutConstraint+MASDebugAdditions.m in Sources */ = {isa = PBXBuildFile; fileRef = F67C043B20CA20D6009B8452 /* NSLayoutConstraint+MASDebugAdditions.m */; };
		F67C045620CA20D6009B8452 /* ViewController+MASAdditions.m in Sources */ = {isa = PBXBuildFile; fileRef = F67C044420CA20D6009B8452 /* ViewController+MASAdditions.m */; };
		F67C045720CA20D6009B8452 /* MASCompositeConstraint.m in Sources */ = {isa = PBXBuildFile; fileRef = F67C044820CA20D6009B8452 /* MASCompositeConstraint.m */; };
		F67C045820CA20D6009B8452 /* MASConstraintMaker.m in Sources */ = {isa = PBXBuildFile; fileRef = F67C044920CA20D6009B8452 /* MASConstraintMaker.m */; };
		F67C045920CA20D6009B8452 /* MASLayoutConstraint.m in Sources */ = {isa = PBXBuildFile; fileRef = F67C044A20CA20D6009B8452 /* MASLayoutConstraint.m */; };
		F67C045A20CA20D6009B8452 /* NSArray+MASAdditions.m in Sources */ = {isa = PBXBuildFile; fileRef = F67C044B20CA20D6009B8452 /* NSArray+MASAdditions.m */; };
		F67C045B20CA20D6009B8452 /* View+MASAdditions.m in Sources */ = {isa = PBXBuildFile; fileRef = F67C044C20CA20D6009B8452 /* View+MASAdditions.m */; };
		F67C045C20CA20D6009B8452 /* MASConstraint.m in Sources */ = {isa = PBXBuildFile; fileRef = F67C044F20CA20D6009B8452 /* MASConstraint.m */; };
		F67C045D20CA20D6009B8452 /* MASViewConstraint.m in Sources */ = {isa = PBXBuildFile; fileRef = F67C045120CA20D6009B8452 /* MASViewConstraint.m */; };
		F67C045E20CA20D6009B8452 /* MASViewAttribute.m in Sources */ = {isa = PBXBuildFile; fileRef = F67C045220CA20D6009B8452 /* MASViewAttribute.m */; };
		F67C045F20CA20D6009B8452 /* README.md in Resources */ = {isa = PBXBuildFile; fileRef = F67C045320CA20D6009B8452 /* README.md */; };
		F6C9098D1FD67C1C00C8F04C /* HttpServer.m in Sources */ = {isa = PBXBuildFile; fileRef = F6C9098C1FD67C1C00C8F04C /* HttpServer.m */; };
		F6C909911FD6965300C8F04C /* HttpBaseModel.m in Sources */ = {isa = PBXBuildFile; fileRef = F6C909901FD6965300C8F04C /* HttpBaseModel.m */; };
		F6D6A23720AECB520062CA3B /* NetworkStatus.m in Sources */ = {isa = PBXBuildFile; fileRef = F6D6A23620AECB520062CA3B /* NetworkStatus.m */; };
		F6DA13F220AACF2300B194B9 /* MainRootTabBarController.m in Sources */ = {isa = PBXBuildFile; fileRef = F6DA13F020AACF2300B194B9 /* MainRootTabBarController.m */; };
		F6DA140420AADA7D00B194B9 /* ExploreRootViewController.m in Sources */ = {isa = PBXBuildFile; fileRef = F6DA140320AADA7D00B194B9 /* ExploreRootViewController.m */; };
		F6DA140720AADA9C00B194B9 /* HomePageRootViewController.m in Sources */ = {isa = PBXBuildFile; fileRef = F6DA140620AADA9C00B194B9 /* HomePageRootViewController.m */; };
		F6DA140A20AADACB00B194B9 /* ActivityRootViewController.m in Sources */ = {isa = PBXBuildFile; fileRef = F6DA140920AADACB00B194B9 /* ActivityRootViewController.m */; };
		F6DA140D20AADAEF00B194B9 /* PersonalCenterRootViewController.m in Sources */ = {isa = PBXBuildFile; fileRef = F6DA140C20AADAEF00B194B9 /* PersonalCenterRootViewController.m */; };
		F6DA141020AADBBC00B194B9 /* LoginViewController.m in Sources */ = {isa = PBXBuildFile; fileRef = F6DA140F20AADBBC00B194B9 /* LoginViewController.m */; };
		F6DA141420AAE5ED00B194B9 /* MainNavigationController.m in Sources */ = {isa = PBXBuildFile; fileRef = F6DA141320AAE5ED00B194B9 /* MainNavigationController.m */; };
		F6DA141720ABCA7000B194B9 /* AnimationTableViewCell.m in Sources */ = {isa = PBXBuildFile; fileRef = F6DA141620ABCA7000B194B9 /* AnimationTableViewCell.m */; };
		F6DA142720ABE08F00B194B9 /* LiveAnimationViewController.m in Sources */ = {isa = PBXBuildFile; fileRef = F6DA142620ABE08F00B194B9 /* LiveAnimationViewController.m */; };
		F6E8203D20C68CF600D1901F /* YYDiskCache.m in Sources */ = {isa = PBXBuildFile; fileRef = F6E8200120C68CF500D1901F /* YYDiskCache.m */; };
		F6E8203E20C68CF600D1901F /* YYCache.m in Sources */ = {isa = PBXBuildFile; fileRef = F6E8200320C68CF500D1901F /* YYCache.m */; };
		F6E8203F20C68CF600D1901F /* YYKVStorage.m in Sources */ = {isa = PBXBuildFile; fileRef = F6E8200720C68CF500D1901F /* YYKVStorage.m */; };
		F6E8204020C68CF600D1901F /* YYMemoryCache.m in Sources */ = {isa = PBXBuildFile; fileRef = F6E8200820C68CF500D1901F /* YYMemoryCache.m */; };
		F6E8204120C68CF600D1901F /* FilesManager.m in Sources */ = {isa = PBXBuildFile; fileRef = F6E8200A20C68CF500D1901F /* FilesManager.m */; };
		F6E8204220C68CF600D1901F /* MJHeadTool.m in Sources */ = {isa = PBXBuildFile; fileRef = F6E8200D20C68CF500D1901F /* MJHeadTool.m */; };
		F6E8204320C68CF600D1901F /* MJAutoFooterTool.m in Sources */ = {isa = PBXBuildFile; fileRef = F6E8200E20C68CF500D1901F /* MJAutoFooterTool.m */; };
		F6E8204420C68CF600D1901F /* ProgressHUD.bundle in Resources */ = {isa = PBXBuildFile; fileRef = F6E8201320C68CF500D1901F /* ProgressHUD.bundle */; };
		F6E8204520C68CF600D1901F /* ProgressHUD.m in Sources */ = {isa = PBXBuildFile; fileRef = F6E8201420C68CF500D1901F /* ProgressHUD.m */; };
		F6E8204620C68CF600D1901F /* NSString+Extension.m in Sources */ = {isa = PBXBuildFile; fileRef = F6E8201720C68CF500D1901F /* NSString+Extension.m */; };
		F6E8204720C68CF600D1901F /* NSString+RegExp.m in Sources */ = {isa = PBXBuildFile; fileRef = F6E8201A20C68CF500D1901F /* NSString+RegExp.m */; };
		F6E8204820C68CF600D1901F /* Colors.m in Sources */ = {isa = PBXBuildFile; fileRef = F6E8201D20C68CF500D1901F /* Colors.m */; };
		F6E8204920C68CF600D1901F /* UIView+Extension.m in Sources */ = {isa = PBXBuildFile; fileRef = F6E8202020C68CF500D1901F /* UIView+Extension.m */; };
		F6E8204A20C68CF600D1901F /* BaseModel.m in Sources */ = {isa = PBXBuildFile; fileRef = F6E8202420C68CF500D1901F /* BaseModel.m */; };
		F6E8204B20C68CF600D1901F /* LPUserModel.m in Sources */ = {isa = PBXBuildFile; fileRef = F6E8202520C68CF500D1901F /* LPUserModel.m */; };
		F6E8204C20C68CF600D1901F /* LPTitleModel.m in Sources */ = {isa = PBXBuildFile; fileRef = F6E8202620C68CF500D1901F /* LPTitleModel.m */; };
		F6E8204D20C68CF600D1901F /* CallWebView.m in Sources */ = {isa = PBXBuildFile; fileRef = F6E8202A20C68CF500D1901F /* CallWebView.m */; };
		F6E8204E20C68CF600D1901F /* DateFormat.m in Sources */ = {isa = PBXBuildFile; fileRef = F6E8202D20C68CF500D1901F /* DateFormat.m */; };
		F6E8204F20C68CF600D1901F /* NSDate+Extension.m in Sources */ = {isa = PBXBuildFile; fileRef = F6E8202E20C68CF500D1901F /* NSDate+Extension.m */; };
		F6E8205020C68CF600D1901F /* AC_AVPlayerView.m in Sources */ = {isa = PBXBuildFile; fileRef = F6E8203220C68CF500D1901F /* AC_AVPlayerView.m */; };
		F6E8205120C68CF600D1901F /* AC_AVPlayerViewController.m in Sources */ = {isa = PBXBuildFile; fileRef = F6E8203320C68CF500D1901F /* AC_AVPlayerViewController.m */; };
		F6E8205220C68CF600D1901F /* AC_ProgressSlider.m in Sources */ = {isa = PBXBuildFile; fileRef = F6E8203420C68CF500D1901F /* AC_ProgressSlider.m */; };
		F6E8205320C68CF600D1901F /* Keyboard.m in Sources */ = {isa = PBXBuildFile; fileRef = F6E8203820C68CF500D1901F /* Keyboard.m */; };
		F6E8205420C68CF600D1901F /* Convert.m in Sources */ = {isa = PBXBuildFile; fileRef = F6E8203B20C68CF500D1901F /* Convert.m */; };
/* End PBXBuildFile section */

/* Begin PBXContainerItemProxy section */
		F67109481FD656C100D2C2C2 /* PBXContainerItemProxy */ = {
			isa = PBXContainerItemProxy;
			containerPortal = F67109271FD656C000D2C2C2 /* Project object */;
			proxyType = 1;
			remoteGlobalIDString = F671092E1FD656C000D2C2C2;
			remoteInfo = BaseDemo;
		};
		F67109531FD656C100D2C2C2 /* PBXContainerItemProxy */ = {
			isa = PBXContainerItemProxy;
			containerPortal = F67109271FD656C000D2C2C2 /* Project object */;
			proxyType = 1;
			remoteGlobalIDString = F671092E1FD656C000D2C2C2;
			remoteInfo = BaseDemo;
		};
/* End PBXContainerItemProxy section */

/* Begin PBXFileReference section */
		2C0D893B7313EE4C7E11A643 /* libPods-BaseDemo.a */ = {isa = PBXFileReference; explicitFileType = archive.ar; includeInIndex = 0; path = "libPods-BaseDemo.a"; sourceTree = BUILT_PRODUCTS_DIR; };
		DD7194171351374F7CB458E8 /* Pods-BaseDemo.debug.xcconfig */ = {isa = PBXFileReference; includeInIndex = 1; lastKnownFileType = text.xcconfig; name = "Pods-BaseDemo.debug.xcconfig"; path = "Pods/Target Support Files/Pods-BaseDemo/Pods-BaseDemo.debug.xcconfig"; sourceTree = "<group>"; };
		E6A7F09EF163B01F6B2FD62F /* Pods-BaseDemo.release.xcconfig */ = {isa = PBXFileReference; includeInIndex = 1; lastKnownFileType = text.xcconfig; name = "Pods-BaseDemo.release.xcconfig"; path = "Pods/Target Support Files/Pods-BaseDemo/Pods-BaseDemo.release.xcconfig"; sourceTree = "<group>"; };
		F6074F0D20B269000013A6C8 /* SnowView.h */ = {isa = PBXFileReference; lastKnownFileType = sourcecode.c.h; path = SnowView.h; sourceTree = "<group>"; };
		F6074F0E20B269000013A6C8 /* SnowView.m */ = {isa = PBXFileReference; lastKnownFileType = sourcecode.c.objc; path = SnowView.m; sourceTree = "<group>"; };
		F63428862063B89300E2B9F5 /* NetworkCache.h */ = {isa = PBXFileReference; fileEncoding = 4; lastKnownFileType = sourcecode.c.h; path = NetworkCache.h; sourceTree = "<group>"; };
		F63428872063B89E00E2B9F5 /* NetworkCache.m */ = {isa = PBXFileReference; fileEncoding = 4; lastKnownFileType = sourcecode.c.objc; path = NetworkCache.m; sourceTree = "<group>"; };
		F6407A7820A575280029516D /* FireworksView.h */ = {isa = PBXFileReference; lastKnownFileType = sourcecode.c.h; path = FireworksView.h; sourceTree = "<group>"; };
		F6407A7920A575280029516D /* FireworksView.m */ = {isa = PBXFileReference; lastKnownFileType = sourcecode.c.objc; path = FireworksView.m; sourceTree = "<group>"; };
		F6407A8F20A59DC60029516D /* SportsCarView.h */ = {isa = PBXFileReference; fileEncoding = 4; lastKnownFileType = sourcecode.c.h; path = SportsCarView.h; sourceTree = "<group>"; };
		F6407A9020A59DD30029516D /* SportsCarView.m */ = {isa = PBXFileReference; fileEncoding = 4; lastKnownFileType = sourcecode.c.objc; path = SportsCarView.m; sourceTree = "<group>"; };
		F6407A9220A59DD80029516D /* SportsCarView.xib */ = {isa = PBXFileReference; fileEncoding = 4; lastKnownFileType = file.xib; path = SportsCarView.xib; sourceTree = "<group>"; };
		F6407A9420A59DDF0029516D /* PlaneView.h */ = {isa = PBXFileReference; fileEncoding = 4; lastKnownFileType = sourcecode.c.h; path = PlaneView.h; sourceTree = "<group>"; };
		F6407A9520A59DE40029516D /* PlaneView.m */ = {isa = PBXFileReference; fileEncoding = 4; lastKnownFileType = sourcecode.c.objc; path = PlaneView.m; sourceTree = "<group>"; };
		F6407A9720A59DE80029516D /* PlaneView.xib */ = {isa = PBXFileReference; fileEncoding = 4; lastKnownFileType = file.xib; path = PlaneView.xib; sourceTree = "<group>"; };
		F6407A9920A68AA20029516D /* RocketView.h */ = {isa = PBXFileReference; lastKnownFileType = sourcecode.c.h; path = RocketView.h; sourceTree = "<group>"; };
		F6407A9A20A68AA20029516D /* RocketView.m */ = {isa = PBXFileReference; lastKnownFileType = sourcecode.c.objc; path = RocketView.m; sourceTree = "<group>"; };
		F6407A9C20A68AB60029516D /* RocketView.xib */ = {isa = PBXFileReference; lastKnownFileType = file.xib; path = RocketView.xib; sourceTree = "<group>"; };
		F6407A9E20A68CCF0029516D /* DiamondView.h */ = {isa = PBXFileReference; lastKnownFileType = sourcecode.c.h; path = DiamondView.h; sourceTree = "<group>"; };
		F6407A9F20A68CCF0029516D /* DiamondView.m */ = {isa = PBXFileReference; lastKnownFileType = sourcecode.c.objc; path = DiamondView.m; sourceTree = "<group>"; };
		F64F4E2320AD30080060AD1A /* NetworkView.h */ = {isa = PBXFileReference; fileEncoding = 4; lastKnownFileType = sourcecode.c.h; path = NetworkView.h; sourceTree = "<group>"; };
		F64F4E2420AD30140060AD1A /* NetworkView.m */ = {isa = PBXFileReference; fileEncoding = 4; lastKnownFileType = sourcecode.c.objc; path = NetworkView.m; sourceTree = "<group>"; };
		F671092F1FD656C000D2C2C2 /* BaseDemo.app */ = {isa = PBXFileReference; explicitFileType = wrapper.application; includeInIndex = 0; path = BaseDemo.app; sourceTree = BUILT_PRODUCTS_DIR; };
		F67109321FD656C000D2C2C2 /* AppDelegate.h */ = {isa = PBXFileReference; lastKnownFileType = sourcecode.c.h; path = AppDelegate.h; sourceTree = "<group>"; };
		F67109331FD656C000D2C2C2 /* AppDelegate.m */ = {isa = PBXFileReference; lastKnownFileType = sourcecode.c.objc; path = AppDelegate.m; sourceTree = "<group>"; };
		F67109351FD656C000D2C2C2 /* ViewController.h */ = {isa = PBXFileReference; lastKnownFileType = sourcecode.c.h; path = ViewController.h; sourceTree = "<group>"; };
		F67109361FD656C000D2C2C2 /* ViewController.m */ = {isa = PBXFileReference; lastKnownFileType = sourcecode.c.objc; path = ViewController.m; sourceTree = "<group>"; };
		F67109391FD656C000D2C2C2 /* Base */ = {isa = PBXFileReference; lastKnownFileType = file.storyboard; name = Base; path = Base.lproj/Main.storyboard; sourceTree = "<group>"; };
		F671093B1FD656C000D2C2C2 /* Assets.xcassets */ = {isa = PBXFileReference; lastKnownFileType = folder.assetcatalog; path = Assets.xcassets; sourceTree = "<group>"; };
		F671093E1FD656C000D2C2C2 /* Base */ = {isa = PBXFileReference; lastKnownFileType = file.storyboard; name = Base; path = Base.lproj/LaunchScreen.storyboard; sourceTree = "<group>"; };
		F67109401FD656C000D2C2C2 /* Info.plist */ = {isa = PBXFileReference; lastKnownFileType = text.plist.xml; path = Info.plist; sourceTree = "<group>"; };
		F67109411FD656C000D2C2C2 /* main.m */ = {isa = PBXFileReference; lastKnownFileType = sourcecode.c.objc; path = main.m; sourceTree = "<group>"; };
		F67109471FD656C100D2C2C2 /* BaseDemoTests.xctest */ = {isa = PBXFileReference; explicitFileType = wrapper.cfbundle; includeInIndex = 0; path = BaseDemoTests.xctest; sourceTree = BUILT_PRODUCTS_DIR; };
		F671094B1FD656C100D2C2C2 /* BaseDemoTests.m */ = {isa = PBXFileReference; lastKnownFileType = sourcecode.c.objc; path = BaseDemoTests.m; sourceTree = "<group>"; };
		F671094D1FD656C100D2C2C2 /* Info.plist */ = {isa = PBXFileReference; lastKnownFileType = text.plist.xml; path = Info.plist; sourceTree = "<group>"; };
		F67109521FD656C100D2C2C2 /* BaseDemoUITests.xctest */ = {isa = PBXFileReference; explicitFileType = wrapper.cfbundle; includeInIndex = 0; path = BaseDemoUITests.xctest; sourceTree = BUILT_PRODUCTS_DIR; };
		F67109561FD656C100D2C2C2 /* BaseDemoUITests.m */ = {isa = PBXFileReference; lastKnownFileType = sourcecode.c.objc; path = BaseDemoUITests.m; sourceTree = "<group>"; };
		F67109581FD656C100D2C2C2 /* Info.plist */ = {isa = PBXFileReference; lastKnownFileType = text.plist.xml; path = Info.plist; sourceTree = "<group>"; };
		F67C043820CA20D6009B8452 /* LICENSE */ = {isa = PBXFileReference; fileEncoding = 4; lastKnownFileType = text; path = LICENSE; sourceTree = "<group>"; };
		F67C043A20CA20D6009B8452 /* MASCompositeConstraint.h */ = {isa = PBXFileReference; fileEncoding = 4; lastKnownFileType = sourcecode.c.h; path = MASCompositeConstraint.h; sourceTree = "<group>"; };
		F67C043B20CA20D6009B8452 /* NSLayoutConstraint+MASDebugAdditions.m */ = {isa = PBXFileReference; fileEncoding = 4; lastKnownFileType = sourcecode.c.objc; path = "NSLayoutConstraint+MASDebugAdditions.m"; sourceTree = "<group>"; };
		F67C043C20CA20D6009B8452 /* MASConstraint+Private.h */ = {isa = PBXFileReference; fileEncoding = 4; lastKnownFileType = sourcecode.c.h; path = "MASConstraint+Private.h"; sourceTree = "<group>"; };
		F67C043D20CA20D6009B8452 /* MASLayoutConstraint.h */ = {isa = PBXFileReference; fileEncoding = 4; lastKnownFileType = sourcecode.c.h; path = MASLayoutConstraint.h; sourceTree = "<group>"; };
		F67C043E20CA20D6009B8452 /* NSArray+MASShorthandAdditions.h */ = {isa = PBXFileReference; fileEncoding = 4; lastKnownFileType = sourcecode.c.h; path = "NSArray+MASShorthandAdditions.h"; sourceTree = "<group>"; };
		F67C043F20CA20D6009B8452 /* MASConstraintMaker.h */ = {isa = PBXFileReference; fileEncoding = 4; lastKnownFileType = sourcecode.c.h; path = MASConstraintMaker.h; sourceTree = "<group>"; };
		F67C044020CA20D6009B8452 /* View+MASAdditions.h */ = {isa = PBXFileReference; fileEncoding = 4; lastKnownFileType = sourcecode.c.h; path = "View+MASAdditions.h"; sourceTree = "<group>"; };
		F67C044120CA20D6009B8452 /* NSArray+MASAdditions.h */ = {isa = PBXFileReference; fileEncoding = 4; lastKnownFileType = sourcecode.c.h; path = "NSArray+MASAdditions.h"; sourceTree = "<group>"; };
		F67C044220CA20D6009B8452 /* MASUtilities.h */ = {isa = PBXFileReference; fileEncoding = 4; lastKnownFileType = sourcecode.c.h; path = MASUtilities.h; sourceTree = "<group>"; };
		F67C044320CA20D6009B8452 /* MASViewAttribute.h */ = {isa = PBXFileReference; fileEncoding = 4; lastKnownFileType = sourcecode.c.h; path = MASViewAttribute.h; sourceTree = "<group>"; };
		F67C044420CA20D6009B8452 /* ViewController+MASAdditions.m */ = {isa = PBXFileReference; fileEncoding = 4; lastKnownFileType = sourcecode.c.objc; path = "ViewController+MASAdditions.m"; sourceTree = "<group>"; };
		F67C044520CA20D6009B8452 /* MASViewConstraint.h */ = {isa = PBXFileReference; fileEncoding = 4; lastKnownFileType = sourcecode.c.h; path = MASViewConstraint.h; sourceTree = "<group>"; };
		F67C044620CA20D6009B8452 /* MASConstraint.h */ = {isa = PBXFileReference; fileEncoding = 4; lastKnownFileType = sourcecode.c.h; path = MASConstraint.h; sourceTree = "<group>"; };
		F67C044720CA20D6009B8452 /* NSLayoutConstraint+MASDebugAdditions.h */ = {isa = PBXFileReference; fileEncoding = 4; lastKnownFileType = sourcecode.c.h; path = "NSLayoutConstraint+MASDebugAdditions.h"; sourceTree = "<group>"; };
		F67C044820CA20D6009B8452 /* MASCompositeConstraint.m */ = {isa = PBXFileReference; fileEncoding = 4; lastKnownFileType = sourcecode.c.objc; path = MASCompositeConstraint.m; sourceTree = "<group>"; };
		F67C044920CA20D6009B8452 /* MASConstraintMaker.m */ = {isa = PBXFileReference; fileEncoding = 4; lastKnownFileType = sourcecode.c.objc; path = MASConstraintMaker.m; sourceTree = "<group>"; };
		F67C044A20CA20D6009B8452 /* MASLayoutConstraint.m */ = {isa = PBXFileReference; fileEncoding = 4; lastKnownFileType = sourcecode.c.objc; path = MASLayoutConstraint.m; sourceTree = "<group>"; };
		F67C044B20CA20D6009B8452 /* NSArray+MASAdditions.m */ = {isa = PBXFileReference; fileEncoding = 4; lastKnownFileType = sourcecode.c.objc; path = "NSArray+MASAdditions.m"; sourceTree = "<group>"; };
		F67C044C20CA20D6009B8452 /* View+MASAdditions.m */ = {isa = PBXFileReference; fileEncoding = 4; lastKnownFileType = sourcecode.c.objc; path = "View+MASAdditions.m"; sourceTree = "<group>"; };
		F67C044D20CA20D6009B8452 /* View+MASShorthandAdditions.h */ = {isa = PBXFileReference; fileEncoding = 4; lastKnownFileType = sourcecode.c.h; path = "View+MASShorthandAdditions.h"; sourceTree = "<group>"; };
		F67C044E20CA20D6009B8452 /* Masonry.h */ = {isa = PBXFileReference; fileEncoding = 4; lastKnownFileType = sourcecode.c.h; path = Masonry.h; sourceTree = "<group>"; };
		F67C044F20CA20D6009B8452 /* MASConstraint.m */ = {isa = PBXFileReference; fileEncoding = 4; lastKnownFileType = sourcecode.c.objc; path = MASConstraint.m; sourceTree = "<group>"; };
		F67C045020CA20D6009B8452 /* ViewController+MASAdditions.h */ = {isa = PBXFileReference; fileEncoding = 4; lastKnownFileType = sourcecode.c.h; path = "ViewController+MASAdditions.h"; sourceTree = "<group>"; };
		F67C045120CA20D6009B8452 /* MASViewConstraint.m */ = {isa = PBXFileReference; fileEncoding = 4; lastKnownFileType = sourcecode.c.objc; path = MASViewConstraint.m; sourceTree = "<group>"; };
		F67C045220CA20D6009B8452 /* MASViewAttribute.m */ = {isa = PBXFileReference; fileEncoding = 4; lastKnownFileType = sourcecode.c.objc; path = MASViewAttribute.m; sourceTree = "<group>"; };
		F67C045320CA20D6009B8452 /* README.md */ = {isa = PBXFileReference; fileEncoding = 4; lastKnownFileType = net.daringfireball.markdown; path = README.md; sourceTree = "<group>"; };
		F6C909501FD6763100C8F04C /* PrefixHeader.pch */ = {isa = PBXFileReference; fileEncoding = 4; lastKnownFileType = sourcecode.c.h; path = PrefixHeader.pch; sourceTree = SOURCE_ROOT; };
		F6C9098C1FD67C1C00C8F04C /* HttpServer.m */ = {isa = PBXFileReference; fileEncoding = 4; lastKnownFileType = sourcecode.c.objc; path = HttpServer.m; sourceTree = "<group>"; };
		F6C9098E1FD67C2B00C8F04C /* HttpServer.h */ = {isa = PBXFileReference; fileEncoding = 4; lastKnownFileType = sourcecode.c.h; path = HttpServer.h; sourceTree = "<group>"; };
		F6C9098F1FD6965300C8F04C /* HttpBaseModel.h */ = {isa = PBXFileReference; lastKnownFileType = sourcecode.c.h; path = HttpBaseModel.h; sourceTree = "<group>"; };
		F6C909901FD6965300C8F04C /* HttpBaseModel.m */ = {isa = PBXFileReference; lastKnownFileType = sourcecode.c.objc; path = HttpBaseModel.m; sourceTree = "<group>"; };
		F6D6A23420AEAE660062CA3B /* InterfaceParameterList.h */ = {isa = PBXFileReference; lastKnownFileType = sourcecode.c.h; path = InterfaceParameterList.h; sourceTree = "<group>"; };
		F6D6A23520AECB480062CA3B /* NetworkStatus.h */ = {isa = PBXFileReference; fileEncoding = 4; lastKnownFileType = sourcecode.c.h; path = NetworkStatus.h; sourceTree = "<group>"; };
		F6D6A23620AECB520062CA3B /* NetworkStatus.m */ = {isa = PBXFileReference; fileEncoding = 4; lastKnownFileType = sourcecode.c.objc; path = NetworkStatus.m; sourceTree = "<group>"; };
		F6DA13EF20AACF2300B194B9 /* MainRootTabBarController.h */ = {isa = PBXFileReference; lastKnownFileType = sourcecode.c.h; path = MainRootTabBarController.h; sourceTree = "<group>"; };
		F6DA13F020AACF2300B194B9 /* MainRootTabBarController.m */ = {isa = PBXFileReference; lastKnownFileType = sourcecode.c.objc; path = MainRootTabBarController.m; sourceTree = "<group>"; };
		F6DA140220AADA7D00B194B9 /* ExploreRootViewController.h */ = {isa = PBXFileReference; lastKnownFileType = sourcecode.c.h; path = ExploreRootViewController.h; sourceTree = "<group>"; };
		F6DA140320AADA7D00B194B9 /* ExploreRootViewController.m */ = {isa = PBXFileReference; lastKnownFileType = sourcecode.c.objc; path = ExploreRootViewController.m; sourceTree = "<group>"; };
		F6DA140520AADA9C00B194B9 /* HomePageRootViewController.h */ = {isa = PBXFileReference; lastKnownFileType = sourcecode.c.h; path = HomePageRootViewController.h; sourceTree = "<group>"; };
		F6DA140620AADA9C00B194B9 /* HomePageRootViewController.m */ = {isa = PBXFileReference; lastKnownFileType = sourcecode.c.objc; path = HomePageRootViewController.m; sourceTree = "<group>"; };
		F6DA140820AADACB00B194B9 /* ActivityRootViewController.h */ = {isa = PBXFileReference; lastKnownFileType = sourcecode.c.h; path = ActivityRootViewController.h; sourceTree = "<group>"; };
		F6DA140920AADACB00B194B9 /* ActivityRootViewController.m */ = {isa = PBXFileReference; lastKnownFileType = sourcecode.c.objc; path = ActivityRootViewController.m; sourceTree = "<group>"; };
		F6DA140B20AADAEF00B194B9 /* PersonalCenterRootViewController.h */ = {isa = PBXFileReference; lastKnownFileType = sourcecode.c.h; path = PersonalCenterRootViewController.h; sourceTree = "<group>"; };
		F6DA140C20AADAEF00B194B9 /* PersonalCenterRootViewController.m */ = {isa = PBXFileReference; lastKnownFileType = sourcecode.c.objc; path = PersonalCenterRootViewController.m; sourceTree = "<group>"; };
		F6DA140E20AADBBC00B194B9 /* LoginViewController.h */ = {isa = PBXFileReference; lastKnownFileType = sourcecode.c.h; path = LoginViewController.h; sourceTree = "<group>"; };
		F6DA140F20AADBBC00B194B9 /* LoginViewController.m */ = {isa = PBXFileReference; lastKnownFileType = sourcecode.c.objc; path = LoginViewController.m; sourceTree = "<group>"; };
		F6DA141220AAE5ED00B194B9 /* MainNavigationController.h */ = {isa = PBXFileReference; lastKnownFileType = sourcecode.c.h; path = MainNavigationController.h; sourceTree = "<group>"; };
		F6DA141320AAE5ED00B194B9 /* MainNavigationController.m */ = {isa = PBXFileReference; lastKnownFileType = sourcecode.c.objc; path = MainNavigationController.m; sourceTree = "<group>"; };
		F6DA141520ABCA7000B194B9 /* AnimationTableViewCell.h */ = {isa = PBXFileReference; lastKnownFileType = sourcecode.c.h; path = AnimationTableViewCell.h; sourceTree = "<group>"; };
		F6DA141620ABCA7000B194B9 /* AnimationTableViewCell.m */ = {isa = PBXFileReference; lastKnownFileType = sourcecode.c.objc; path = AnimationTableViewCell.m; sourceTree = "<group>"; };
		F6DA142520ABE08F00B194B9 /* LiveAnimationViewController.h */ = {isa = PBXFileReference; lastKnownFileType = sourcecode.c.h; path = LiveAnimationViewController.h; sourceTree = "<group>"; };
		F6DA142620ABE08F00B194B9 /* LiveAnimationViewController.m */ = {isa = PBXFileReference; lastKnownFileType = sourcecode.c.objc; path = LiveAnimationViewController.m; sourceTree = "<group>"; };
		F6E8200120C68CF500D1901F /* YYDiskCache.m */ = {isa = PBXFileReference; fileEncoding = 4; lastKnownFileType = sourcecode.c.objc; path = YYDiskCache.m; sourceTree = "<group>"; };
		F6E8200220C68CF500D1901F /* YYKVStorage.h */ = {isa = PBXFileReference; fileEncoding = 4; lastKnownFileType = sourcecode.c.h; path = YYKVStorage.h; sourceTree = "<group>"; };
		F6E8200320C68CF500D1901F /* YYCache.m */ = {isa = PBXFileReference; fileEncoding = 4; lastKnownFileType = sourcecode.c.objc; path = YYCache.m; sourceTree = "<group>"; };
		F6E8200420C68CF500D1901F /* YYMemoryCache.h */ = {isa = PBXFileReference; fileEncoding = 4; lastKnownFileType = sourcecode.c.h; path = YYMemoryCache.h; sourceTree = "<group>"; };
		F6E8200520C68CF500D1901F /* YYDiskCache.h */ = {isa = PBXFileReference; fileEncoding = 4; lastKnownFileType = sourcecode.c.h; path = YYDiskCache.h; sourceTree = "<group>"; };
		F6E8200620C68CF500D1901F /* YYCache.h */ = {isa = PBXFileReference; fileEncoding = 4; lastKnownFileType = sourcecode.c.h; path = YYCache.h; sourceTree = "<group>"; };
		F6E8200720C68CF500D1901F /* YYKVStorage.m */ = {isa = PBXFileReference; fileEncoding = 4; lastKnownFileType = sourcecode.c.objc; path = YYKVStorage.m; sourceTree = "<group>"; };
		F6E8200820C68CF500D1901F /* YYMemoryCache.m */ = {isa = PBXFileReference; fileEncoding = 4; lastKnownFileType = sourcecode.c.objc; path = YYMemoryCache.m; sourceTree = "<group>"; };
		F6E8200A20C68CF500D1901F /* FilesManager.m */ = {isa = PBXFileReference; fileEncoding = 4; lastKnownFileType = sourcecode.c.objc; path = FilesManager.m; sourceTree = "<group>"; };
		F6E8200B20C68CF500D1901F /* FilesManager.h */ = {isa = PBXFileReference; fileEncoding = 4; lastKnownFileType = sourcecode.c.h; path = FilesManager.h; sourceTree = "<group>"; };
		F6E8200D20C68CF500D1901F /* MJHeadTool.m */ = {isa = PBXFileReference; fileEncoding = 4; lastKnownFileType = sourcecode.c.objc; path = MJHeadTool.m; sourceTree = "<group>"; };
		F6E8200E20C68CF500D1901F /* MJAutoFooterTool.m */ = {isa = PBXFileReference; fileEncoding = 4; lastKnownFileType = sourcecode.c.objc; path = MJAutoFooterTool.m; sourceTree = "<group>"; };
		F6E8200F20C68CF500D1901F /* MJHeadTool.h */ = {isa = PBXFileReference; fileEncoding = 4; lastKnownFileType = sourcecode.c.h; path = MJHeadTool.h; sourceTree = "<group>"; };
		F6E8201020C68CF500D1901F /* MJAutoFooterTool.h */ = {isa = PBXFileReference; fileEncoding = 4; lastKnownFileType = sourcecode.c.h; path = MJAutoFooterTool.h; sourceTree = "<group>"; };
		F6E8201220C68CF500D1901F /* ProgressHUD.h */ = {isa = PBXFileReference; fileEncoding = 4; lastKnownFileType = sourcecode.c.h; path = ProgressHUD.h; sourceTree = "<group>"; };
		F6E8201320C68CF500D1901F /* ProgressHUD.bundle */ = {isa = PBXFileReference; lastKnownFileType = "wrapper.plug-in"; path = ProgressHUD.bundle; sourceTree = "<group>"; };
		F6E8201420C68CF500D1901F /* ProgressHUD.m */ = {isa = PBXFileReference; fileEncoding = 4; lastKnownFileType = sourcecode.c.objc; path = ProgressHUD.m; sourceTree = "<group>"; };
		F6E8201620C68CF500D1901F /* NSString+Extension.h */ = {isa = PBXFileReference; fileEncoding = 4; lastKnownFileType = sourcecode.c.h; path = "NSString+Extension.h"; sourceTree = "<group>"; };
		F6E8201720C68CF500D1901F /* NSString+Extension.m */ = {isa = PBXFileReference; fileEncoding = 4; lastKnownFileType = sourcecode.c.objc; path = "NSString+Extension.m"; sourceTree = "<group>"; };
		F6E8201920C68CF500D1901F /* NSString+RegExp.h */ = {isa = PBXFileReference; fileEncoding = 4; lastKnownFileType = sourcecode.c.h; path = "NSString+RegExp.h"; sourceTree = "<group>"; };
		F6E8201A20C68CF500D1901F /* NSString+RegExp.m */ = {isa = PBXFileReference; fileEncoding = 4; lastKnownFileType = sourcecode.c.objc; path = "NSString+RegExp.m"; sourceTree = "<group>"; };
		F6E8201C20C68CF500D1901F /* Colors.h */ = {isa = PBXFileReference; fileEncoding = 4; lastKnownFileType = sourcecode.c.h; path = Colors.h; sourceTree = "<group>"; };
		F6E8201D20C68CF500D1901F /* Colors.m */ = {isa = PBXFileReference; fileEncoding = 4; lastKnownFileType = sourcecode.c.objc; path = Colors.m; sourceTree = "<group>"; };
		F6E8201F20C68CF500D1901F /* UIView+Extension.h */ = {isa = PBXFileReference; fileEncoding = 4; lastKnownFileType = sourcecode.c.h; path = "UIView+Extension.h"; sourceTree = "<group>"; };
		F6E8202020C68CF500D1901F /* UIView+Extension.m */ = {isa = PBXFileReference; fileEncoding = 4; lastKnownFileType = sourcecode.c.objc; path = "UIView+Extension.m"; sourceTree = "<group>"; };
		F6E8202220C68CF500D1901F /* LPTitleModel.h */ = {isa = PBXFileReference; fileEncoding = 4; lastKnownFileType = sourcecode.c.h; path = LPTitleModel.h; sourceTree = "<group>"; };
		F6E8202320C68CF500D1901F /* LPUserModel.h */ = {isa = PBXFileReference; fileEncoding = 4; lastKnownFileType = sourcecode.c.h; path = LPUserModel.h; sourceTree = "<group>"; };
		F6E8202420C68CF500D1901F /* BaseModel.m */ = {isa = PBXFileReference; fileEncoding = 4; lastKnownFileType = sourcecode.c.objc; path = BaseModel.m; sourceTree = "<group>"; };
		F6E8202520C68CF500D1901F /* LPUserModel.m */ = {isa = PBXFileReference; fileEncoding = 4; lastKnownFileType = sourcecode.c.objc; path = LPUserModel.m; sourceTree = "<group>"; };
		F6E8202620C68CF500D1901F /* LPTitleModel.m */ = {isa = PBXFileReference; fileEncoding = 4; lastKnownFileType = sourcecode.c.objc; path = LPTitleModel.m; sourceTree = "<group>"; };
		F6E8202720C68CF500D1901F /* BaseModel.h */ = {isa = PBXFileReference; fileEncoding = 4; lastKnownFileType = sourcecode.c.h; path = BaseModel.h; sourceTree = "<group>"; };
		F6E8202920C68CF500D1901F /* CallWebView.h */ = {isa = PBXFileReference; fileEncoding = 4; lastKnownFileType = sourcecode.c.h; path = CallWebView.h; sourceTree = "<group>"; };
		F6E8202A20C68CF500D1901F /* CallWebView.m */ = {isa = PBXFileReference; fileEncoding = 4; lastKnownFileType = sourcecode.c.objc; path = CallWebView.m; sourceTree = "<group>"; };
		F6E8202C20C68CF500D1901F /* NSDate+Extension.h */ = {isa = PBXFileReference; fileEncoding = 4; lastKnownFileType = sourcecode.c.h; path = "NSDate+Extension.h"; sourceTree = "<group>"; };
		F6E8202D20C68CF500D1901F /* DateFormat.m */ = {isa = PBXFileReference; fileEncoding = 4; lastKnownFileType = sourcecode.c.objc; path = DateFormat.m; sourceTree = "<group>"; };
		F6E8202E20C68CF500D1901F /* NSDate+Extension.m */ = {isa = PBXFileReference; fileEncoding = 4; lastKnownFileType = sourcecode.c.objc; path = "NSDate+Extension.m"; sourceTree = "<group>"; };
		F6E8202F20C68CF500D1901F /* DateFormat.h */ = {isa = PBXFileReference; fileEncoding = 4; lastKnownFileType = sourcecode.c.h; path = DateFormat.h; sourceTree = "<group>"; };
		F6E8203120C68CF500D1901F /* AC_ProgressSlider.h */ = {isa = PBXFileReference; fileEncoding = 4; lastKnownFileType = sourcecode.c.h; path = AC_ProgressSlider.h; sourceTree = "<group>"; };
		F6E8203220C68CF500D1901F /* AC_AVPlayerView.m */ = {isa = PBXFileReference; fileEncoding = 4; lastKnownFileType = sourcecode.c.objc; path = AC_AVPlayerView.m; sourceTree = "<group>"; };
		F6E8203320C68CF500D1901F /* AC_AVPlayerViewController.m */ = {isa = PBXFileReference; fileEncoding = 4; lastKnownFileType = sourcecode.c.objc; path = AC_AVPlayerViewController.m; sourceTree = "<group>"; };
		F6E8203420C68CF500D1901F /* AC_ProgressSlider.m */ = {isa = PBXFileReference; fileEncoding = 4; lastKnownFileType = sourcecode.c.objc; path = AC_ProgressSlider.m; sourceTree = "<group>"; };
		F6E8203520C68CF500D1901F /* AC_AVPlayerView.h */ = {isa = PBXFileReference; fileEncoding = 4; lastKnownFileType = sourcecode.c.h; path = AC_AVPlayerView.h; sourceTree = "<group>"; };
		F6E8203620C68CF500D1901F /* AC_AVPlayerViewController.h */ = {isa = PBXFileReference; fileEncoding = 4; lastKnownFileType = sourcecode.c.h; path = AC_AVPlayerViewController.h; sourceTree = "<group>"; };
		F6E8203820C68CF500D1901F /* Keyboard.m */ = {isa = PBXFileReference; fileEncoding = 4; lastKnownFileType = sourcecode.c.objc; path = Keyboard.m; sourceTree = "<group>"; };
		F6E8203920C68CF500D1901F /* Keyboard.h */ = {isa = PBXFileReference; fileEncoding = 4; lastKnownFileType = sourcecode.c.h; path = Keyboard.h; sourceTree = "<group>"; };
		F6E8203B20C68CF500D1901F /* Convert.m */ = {isa = PBXFileReference; fileEncoding = 4; lastKnownFileType = sourcecode.c.objc; path = Convert.m; sourceTree = "<group>"; };
		F6E8203C20C68CF500D1901F /* Convert.h */ = {isa = PBXFileReference; fileEncoding = 4; lastKnownFileType = sourcecode.c.h; path = Convert.h; sourceTree = "<group>"; };
/* End PBXFileReference section */

/* Begin PBXFrameworksBuildPhase section */
		F671092C1FD656C000D2C2C2 /* Frameworks */ = {
			isa = PBXFrameworksBuildPhase;
			buildActionMask = 2147483647;
			files = (
				C162262A7D88AE65585C894D /* libPods-BaseDemo.a in Frameworks */,
			);
			runOnlyForDeploymentPostprocessing = 0;
		};
		F67109441FD656C100D2C2C2 /* Frameworks */ = {
			isa = PBXFrameworksBuildPhase;
			buildActionMask = 2147483647;
			files = (
			);
			runOnlyForDeploymentPostprocessing = 0;
		};
		F671094F1FD656C100D2C2C2 /* Frameworks */ = {
			isa = PBXFrameworksBuildPhase;
			buildActionMask = 2147483647;
			files = (
			);
			runOnlyForDeploymentPostprocessing = 0;
		};
/* End PBXFrameworksBuildPhase section */

/* Begin PBXGroup section */
		7E5DFA802BB5F09C2625F58A /* Pods */ = {
			isa = PBXGroup;
			children = (
				DD7194171351374F7CB458E8 /* Pods-BaseDemo.debug.xcconfig */,
				E6A7F09EF163B01F6B2FD62F /* Pods-BaseDemo.release.xcconfig */,
			);
			name = Pods;
			sourceTree = "<group>";
		};
		ED938C88D2F0D9087803076B /* Frameworks */ = {
			isa = PBXGroup;
			children = (
				2C0D893B7313EE4C7E11A643 /* libPods-BaseDemo.a */,
			);
			name = Frameworks;
			sourceTree = "<group>";
		};
		F6015A2520A55E51004B2CB8 /* Animations */ = {
			isa = PBXGroup;
			children = (
				F6407A7820A575280029516D /* FireworksView.h */,
				F6407A7920A575280029516D /* FireworksView.m */,
				F6407A8F20A59DC60029516D /* SportsCarView.h */,
				F6407A9020A59DD30029516D /* SportsCarView.m */,
				F6407A9220A59DD80029516D /* SportsCarView.xib */,
				F6407A9420A59DDF0029516D /* PlaneView.h */,
				F6407A9520A59DE40029516D /* PlaneView.m */,
				F6407A9720A59DE80029516D /* PlaneView.xib */,
				F6407A9920A68AA20029516D /* RocketView.h */,
				F6407A9A20A68AA20029516D /* RocketView.m */,
				F6407A9C20A68AB60029516D /* RocketView.xib */,
				F6407A9E20A68CCF0029516D /* DiamondView.h */,
				F6407A9F20A68CCF0029516D /* DiamondView.m */,
				F6074F0D20B269000013A6C8 /* SnowView.h */,
				F6074F0E20B269000013A6C8 /* SnowView.m */,
			);
			path = Animations;
			sourceTree = "<group>";
		};
		F67109261FD656C000D2C2C2 = {
			isa = PBXGroup;
			children = (
				F67109311FD656C000D2C2C2 /* BaseDemo */,
				F671094A1FD656C100D2C2C2 /* BaseDemoTests */,
				F67109551FD656C100D2C2C2 /* BaseDemoUITests */,
				F67109301FD656C000D2C2C2 /* Products */,
				7E5DFA802BB5F09C2625F58A /* Pods */,
				ED938C88D2F0D9087803076B /* Frameworks */,
			);
			sourceTree = "<group>";
		};
		F67109301FD656C000D2C2C2 /* Products */ = {
			isa = PBXGroup;
			children = (
				F671092F1FD656C000D2C2C2 /* BaseDemo.app */,
				F67109471FD656C100D2C2C2 /* BaseDemoTests.xctest */,
				F67109521FD656C100D2C2C2 /* BaseDemoUITests.xctest */,
			);
			name = Products;
			sourceTree = "<group>";
		};
		F67109311FD656C000D2C2C2 /* BaseDemo */ = {
			isa = PBXGroup;
			children = (
				F67109321FD656C000D2C2C2 /* AppDelegate.h */,
				F67109331FD656C000D2C2C2 /* AppDelegate.m */,
				F67109351FD656C000D2C2C2 /* ViewController.h */,
				F67109361FD656C000D2C2C2 /* ViewController.m */,
				F6015A2520A55E51004B2CB8 /* Animations */,
				F6E81FFF20C68CF500D1901F /* Utils */,
				F67109751FD663B800D2C2C2 /* Network */,
				F671096C1FD660BF00D2C2C2 /* ViewControllers */,
				F67109381FD656C000D2C2C2 /* Main.storyboard */,
				F671093B1FD656C000D2C2C2 /* Assets.xcassets */,
				F6C909501FD6763100C8F04C /* PrefixHeader.pch */,
				F6D6A23420AEAE660062CA3B /* InterfaceParameterList.h */,
				F671093D1FD656C000D2C2C2 /* LaunchScreen.storyboard */,
				F67109401FD656C000D2C2C2 /* Info.plist */,
				F67109411FD656C000D2C2C2 /* main.m */,
			);
			path = BaseDemo;
			sourceTree = "<group>";
		};
		F671094A1FD656C100D2C2C2 /* BaseDemoTests */ = {
			isa = PBXGroup;
			children = (
				F671094B1FD656C100D2C2C2 /* BaseDemoTests.m */,
				F671094D1FD656C100D2C2C2 /* Info.plist */,
			);
			path = BaseDemoTests;
			sourceTree = "<group>";
		};
		F67109551FD656C100D2C2C2 /* BaseDemoUITests */ = {
			isa = PBXGroup;
			children = (
				F67109561FD656C100D2C2C2 /* BaseDemoUITests.m */,
				F67109581FD656C100D2C2C2 /* Info.plist */,
			);
			path = BaseDemoUITests;
			sourceTree = "<group>";
		};
		F671096C1FD660BF00D2C2C2 /* ViewControllers */ = {
			isa = PBXGroup;
			children = (
				F6DA141120AADC0D00B194B9 /* GuideViewControoler */,
				F6DA13EE20AACEA000B194B9 /* MainTabbarRootViewController */,
				F6DA13F520AAD66600B194B9 /* LoginViewController */,
				F6DA13F620AAD67600B194B9 /* HomePageRootViewController */,
				F6DA13FF20AAD68400B194B9 /* ExploreViewRootController */,
				F6DA140020AAD69800B194B9 /* ActivityRootViewController */,
				F6DA140120AAD6A800B194B9 /* PersonalCenterRootViewController */,
			);
			path = ViewControllers;
			sourceTree = "<group>";
		};
		F67109751FD663B800D2C2C2 /* Network */ = {
			isa = PBXGroup;
			children = (
				F6D6A23520AECB480062CA3B /* NetworkStatus.h */,
				F6D6A23620AECB520062CA3B /* NetworkStatus.m */,
				F64F4E2320AD30080060AD1A /* NetworkView.h */,
				F64F4E2420AD30140060AD1A /* NetworkView.m */,
				F6C9098F1FD6965300C8F04C /* HttpBaseModel.h */,
				F6C909901FD6965300C8F04C /* HttpBaseModel.m */,
				F6C9098E1FD67C2B00C8F04C /* HttpServer.h */,
				F6C9098C1FD67C1C00C8F04C /* HttpServer.m */,
				F63428862063B89300E2B9F5 /* NetworkCache.h */,
				F63428872063B89E00E2B9F5 /* NetworkCache.m */,
			);
			path = Network;
			sourceTree = "<group>";
		};
		F67C043720CA20D6009B8452 /* Masonry */ = {
			isa = PBXGroup;
			children = (
				F67C043820CA20D6009B8452 /* LICENSE */,
				F67C043920CA20D6009B8452 /* Masonry */,
				F67C045320CA20D6009B8452 /* README.md */,
			);
			path = Masonry;
			sourceTree = "<group>";
		};
		F67C043920CA20D6009B8452 /* Masonry */ = {
			isa = PBXGroup;
			children = (
				F67C043A20CA20D6009B8452 /* MASCompositeConstraint.h */,
				F67C043B20CA20D6009B8452 /* NSLayoutConstraint+MASDebugAdditions.m */,
				F67C043C20CA20D6009B8452 /* MASConstraint+Private.h */,
				F67C043D20CA20D6009B8452 /* MASLayoutConstraint.h */,
				F67C043E20CA20D6009B8452 /* NSArray+MASShorthandAdditions.h */,
				F67C043F20CA20D6009B8452 /* MASConstraintMaker.h */,
				F67C044020CA20D6009B8452 /* View+MASAdditions.h */,
				F67C044120CA20D6009B8452 /* NSArray+MASAdditions.h */,
				F67C044220CA20D6009B8452 /* MASUtilities.h */,
				F67C044320CA20D6009B8452 /* MASViewAttribute.h */,
				F67C044420CA20D6009B8452 /* ViewController+MASAdditions.m */,
				F67C044520CA20D6009B8452 /* MASViewConstraint.h */,
				F67C044620CA20D6009B8452 /* MASConstraint.h */,
				F67C044720CA20D6009B8452 /* NSLayoutConstraint+MASDebugAdditions.h */,
				F67C044820CA20D6009B8452 /* MASCompositeConstraint.m */,
				F67C044920CA20D6009B8452 /* MASConstraintMaker.m */,
				F67C044A20CA20D6009B8452 /* MASLayoutConstraint.m */,
				F67C044B20CA20D6009B8452 /* NSArray+MASAdditions.m */,
				F67C044C20CA20D6009B8452 /* View+MASAdditions.m */,
				F67C044D20CA20D6009B8452 /* View+MASShorthandAdditions.h */,
				F67C044E20CA20D6009B8452 /* Masonry.h */,
				F67C044F20CA20D6009B8452 /* MASConstraint.m */,
				F67C045020CA20D6009B8452 /* ViewController+MASAdditions.h */,
				F67C045120CA20D6009B8452 /* MASViewConstraint.m */,
				F67C045220CA20D6009B8452 /* MASViewAttribute.m */,
			);
			path = Masonry;
			sourceTree = "<group>";
		};
		F6DA13EE20AACEA000B194B9 /* MainTabbarRootViewController */ = {
			isa = PBXGroup;
			children = (
				F6DA13EF20AACF2300B194B9 /* MainRootTabBarController.h */,
				F6DA13F020AACF2300B194B9 /* MainRootTabBarController.m */,
				F6DA141220AAE5ED00B194B9 /* MainNavigationController.h */,
				F6DA141320AAE5ED00B194B9 /* MainNavigationController.m */,
			);
			path = MainTabbarRootViewController;
			sourceTree = "<group>";
		};
		F6DA13F520AAD66600B194B9 /* LoginViewController */ = {
			isa = PBXGroup;
			children = (
				F6DA140E20AADBBC00B194B9 /* LoginViewController.h */,
				F6DA140F20AADBBC00B194B9 /* LoginViewController.m */,
			);
			path = LoginViewController;
			sourceTree = "<group>";
		};
		F6DA13F620AAD67600B194B9 /* HomePageRootViewController */ = {
			isa = PBXGroup;
			children = (
				F6DA140520AADA9C00B194B9 /* HomePageRootViewController.h */,
				F6DA140620AADA9C00B194B9 /* HomePageRootViewController.m */,
			);
			path = HomePageRootViewController;
			sourceTree = "<group>";
		};
		F6DA13FF20AAD68400B194B9 /* ExploreViewRootController */ = {
			isa = PBXGroup;
			children = (
				F6DA140220AADA7D00B194B9 /* ExploreRootViewController.h */,
				F6DA140320AADA7D00B194B9 /* ExploreRootViewController.m */,
			);
			path = ExploreViewRootController;
			sourceTree = "<group>";
		};
		F6DA140020AAD69800B194B9 /* ActivityRootViewController */ = {
			isa = PBXGroup;
			children = (
				F6DA140820AADACB00B194B9 /* ActivityRootViewController.h */,
				F6DA140920AADACB00B194B9 /* ActivityRootViewController.m */,
				F6DA141520ABCA7000B194B9 /* AnimationTableViewCell.h */,
				F6DA141620ABCA7000B194B9 /* AnimationTableViewCell.m */,
				F6DA141820ABD44900B194B9 /* ActivitySubViewController */,
			);
			path = ActivityRootViewController;
			sourceTree = "<group>";
		};
		F6DA140120AAD6A800B194B9 /* PersonalCenterRootViewController */ = {
			isa = PBXGroup;
			children = (
				F6DA140B20AADAEF00B194B9 /* PersonalCenterRootViewController.h */,
				F6DA140C20AADAEF00B194B9 /* PersonalCenterRootViewController.m */,
			);
			path = PersonalCenterRootViewController;
			sourceTree = "<group>";
		};
		F6DA141120AADC0D00B194B9 /* GuideViewControoler */ = {
			isa = PBXGroup;
			children = (
			);
			path = GuideViewControoler;
			sourceTree = "<group>";
		};
		F6DA141820ABD44900B194B9 /* ActivitySubViewController */ = {
			isa = PBXGroup;
			children = (
				F6DA142520ABE08F00B194B9 /* LiveAnimationViewController.h */,
				F6DA142620ABE08F00B194B9 /* LiveAnimationViewController.m */,
			);
			path = ActivitySubViewController;
			sourceTree = "<group>";
		};
		F6E81FFF20C68CF500D1901F /* Utils */ = {
			isa = PBXGroup;
			children = (
				F67C043720CA20D6009B8452 /* Masonry */,
				F6E8200020C68CF500D1901F /* YYCache */,
				F6E8200920C68CF500D1901F /* FilesManagerTool */,
				F6E8200C20C68CF500D1901F /* MJTool */,
				F6E8201120C68CF500D1901F /* ProgressHUD */,
				F6E8201520C68CF500D1901F /* NSString+Extension */,
				F6E8201820C68CF500D1901F /* NSString+RegExp */,
				F6E8201B20C68CF500D1901F /* Colores */,
				F6E8201E20C68CF500D1901F /* UIView+Extension */,
				F6E8202120C68CF500D1901F /* BaseModel */,
				F6E8202820C68CF500D1901F /* CallWebView */,
				F6E8202B20C68CF500D1901F /* DateFormat */,
				F6E8203020C68CF500D1901F /* AC_AvPlayer */,
				F6E8203720C68CF500D1901F /* Keyboard */,
				F6E8203A20C68CF500D1901F /* Convert */,
			);
			path = Utils;
			sourceTree = "<group>";
		};
		F6E8200020C68CF500D1901F /* YYCache */ = {
			isa = PBXGroup;
			children = (
				F6E8200120C68CF500D1901F /* YYDiskCache.m */,
				F6E8200220C68CF500D1901F /* YYKVStorage.h */,
				F6E8200320C68CF500D1901F /* YYCache.m */,
				F6E8200420C68CF500D1901F /* YYMemoryCache.h */,
				F6E8200520C68CF500D1901F /* YYDiskCache.h */,
				F6E8200620C68CF500D1901F /* YYCache.h */,
				F6E8200720C68CF500D1901F /* YYKVStorage.m */,
				F6E8200820C68CF500D1901F /* YYMemoryCache.m */,
			);
			path = YYCache;
			sourceTree = "<group>";
		};
		F6E8200920C68CF500D1901F /* FilesManagerTool */ = {
			isa = PBXGroup;
			children = (
				F6E8200A20C68CF500D1901F /* FilesManager.m */,
				F6E8200B20C68CF500D1901F /* FilesManager.h */,
			);
			path = FilesManagerTool;
			sourceTree = "<group>";
		};
		F6E8200C20C68CF500D1901F /* MJTool */ = {
			isa = PBXGroup;
			children = (
				F6E8200F20C68CF500D1901F /* MJHeadTool.h */,
				F6E8200D20C68CF500D1901F /* MJHeadTool.m */,
				F6E8201020C68CF500D1901F /* MJAutoFooterTool.h */,
				F6E8200E20C68CF500D1901F /* MJAutoFooterTool.m */,
			);
			path = MJTool;
			sourceTree = "<group>";
		};
		F6E8201120C68CF500D1901F /* ProgressHUD */ = {
			isa = PBXGroup;
			children = (
				F6E8201320C68CF500D1901F /* ProgressHUD.bundle */,
				F6E8201220C68CF500D1901F /* ProgressHUD.h */,
				F6E8201420C68CF500D1901F /* ProgressHUD.m */,
			);
			path = ProgressHUD;
			sourceTree = "<group>";
		};
		F6E8201520C68CF500D1901F /* NSString+Extension */ = {
			isa = PBXGroup;
			children = (
				F6E8201620C68CF500D1901F /* NSString+Extension.h */,
				F6E8201720C68CF500D1901F /* NSString+Extension.m */,
			);
			path = "NSString+Extension";
			sourceTree = "<group>";
		};
		F6E8201820C68CF500D1901F /* NSString+RegExp */ = {
			isa = PBXGroup;
			children = (
				F6E8201920C68CF500D1901F /* NSString+RegExp.h */,
				F6E8201A20C68CF500D1901F /* NSString+RegExp.m */,
			);
			path = "NSString+RegExp";
			sourceTree = "<group>";
		};
		F6E8201B20C68CF500D1901F /* Colores */ = {
			isa = PBXGroup;
			children = (
				F6E8201C20C68CF500D1901F /* Colors.h */,
				F6E8201D20C68CF500D1901F /* Colors.m */,
			);
			path = Colores;
			sourceTree = "<group>";
		};
		F6E8201E20C68CF500D1901F /* UIView+Extension */ = {
			isa = PBXGroup;
			children = (
				F6E8201F20C68CF500D1901F /* UIView+Extension.h */,
				F6E8202020C68CF500D1901F /* UIView+Extension.m */,
			);
			path = "UIView+Extension";
			sourceTree = "<group>";
		};
		F6E8202120C68CF500D1901F /* BaseModel */ = {
			isa = PBXGroup;
			children = (
				F6E8202220C68CF500D1901F /* LPTitleModel.h */,
				F6E8202320C68CF500D1901F /* LPUserModel.h */,
				F6E8202420C68CF500D1901F /* BaseModel.m */,
				F6E8202520C68CF500D1901F /* LPUserModel.m */,
				F6E8202620C68CF500D1901F /* LPTitleModel.m */,
				F6E8202720C68CF500D1901F /* BaseModel.h */,
			);
			path = BaseModel;
			sourceTree = "<group>";
		};
		F6E8202820C68CF500D1901F /* CallWebView */ = {
			isa = PBXGroup;
			children = (
				F6E8202920C68CF500D1901F /* CallWebView.h */,
				F6E8202A20C68CF500D1901F /* CallWebView.m */,
			);
			path = CallWebView;
			sourceTree = "<group>";
		};
		F6E8202B20C68CF500D1901F /* DateFormat */ = {
			isa = PBXGroup;
			children = (
				F6E8202C20C68CF500D1901F /* NSDate+Extension.h */,
				F6E8202D20C68CF500D1901F /* DateFormat.m */,
				F6E8202E20C68CF500D1901F /* NSDate+Extension.m */,
				F6E8202F20C68CF500D1901F /* DateFormat.h */,
			);
			path = DateFormat;
			sourceTree = "<group>";
		};
		F6E8203020C68CF500D1901F /* AC_AvPlayer */ = {
			isa = PBXGroup;
			children = (
				F6E8203120C68CF500D1901F /* AC_ProgressSlider.h */,
				F6E8203220C68CF500D1901F /* AC_AVPlayerView.m */,
				F6E8203320C68CF500D1901F /* AC_AVPlayerViewController.m */,
				F6E8203420C68CF500D1901F /* AC_ProgressSlider.m */,
				F6E8203520C68CF500D1901F /* AC_AVPlayerView.h */,
				F6E8203620C68CF500D1901F /* AC_AVPlayerViewController.h */,
			);
			path = AC_AvPlayer;
			sourceTree = "<group>";
		};
		F6E8203720C68CF500D1901F /* Keyboard */ = {
			isa = PBXGroup;
			children = (
				F6E8203820C68CF500D1901F /* Keyboard.m */,
				F6E8203920C68CF500D1901F /* Keyboard.h */,
			);
			path = Keyboard;
			sourceTree = "<group>";
		};
		F6E8203A20C68CF500D1901F /* Convert */ = {
			isa = PBXGroup;
			children = (
				F6E8203B20C68CF500D1901F /* Convert.m */,
				F6E8203C20C68CF500D1901F /* Convert.h */,
			);
			path = Convert;
			sourceTree = "<group>";
		};
/* End PBXGroup section */

/* Begin PBXNativeTarget section */
		F671092E1FD656C000D2C2C2 /* BaseDemo */ = {
			isa = PBXNativeTarget;
			buildConfigurationList = F671095B1FD656C100D2C2C2 /* Build configuration list for PBXNativeTarget "BaseDemo" */;
			buildPhases = (
				ECDF0528E99D5D778C6A3C91 /* [CP] Check Pods Manifest.lock */,
				F671092B1FD656C000D2C2C2 /* Sources */,
				F671092C1FD656C000D2C2C2 /* Frameworks */,
				F671092D1FD656C000D2C2C2 /* Resources */,
				E23BAF07D963D7D1177CF018 /* [CP] Embed Pods Frameworks */,
				5CB982D41201DEE3AA489186 /* [CP] Copy Pods Resources */,
			);
			buildRules = (
			);
			dependencies = (
			);
			name = BaseDemo;
			productName = BaseDemo;
			productReference = F671092F1FD656C000D2C2C2 /* BaseDemo.app */;
			productType = "com.apple.product-type.application";
		};
		F67109461FD656C100D2C2C2 /* BaseDemoTests */ = {
			isa = PBXNativeTarget;
			buildConfigurationList = F671095E1FD656C100D2C2C2 /* Build configuration list for PBXNativeTarget "BaseDemoTests" */;
			buildPhases = (
				F67109431FD656C100D2C2C2 /* Sources */,
				F67109441FD656C100D2C2C2 /* Frameworks */,
				F67109451FD656C100D2C2C2 /* Resources */,
			);
			buildRules = (
			);
			dependencies = (
				F67109491FD656C100D2C2C2 /* PBXTargetDependency */,
			);
			name = BaseDemoTests;
			productName = BaseDemoTests;
			productReference = F67109471FD656C100D2C2C2 /* BaseDemoTests.xctest */;
			productType = "com.apple.product-type.bundle.unit-test";
		};
		F67109511FD656C100D2C2C2 /* BaseDemoUITests */ = {
			isa = PBXNativeTarget;
			buildConfigurationList = F67109611FD656C100D2C2C2 /* Build configuration list for PBXNativeTarget "BaseDemoUITests" */;
			buildPhases = (
				F671094E1FD656C100D2C2C2 /* Sources */,
				F671094F1FD656C100D2C2C2 /* Frameworks */,
				F67109501FD656C100D2C2C2 /* Resources */,
			);
			buildRules = (
			);
			dependencies = (
				F67109541FD656C100D2C2C2 /* PBXTargetDependency */,
			);
			name = BaseDemoUITests;
			productName = BaseDemoUITests;
			productReference = F67109521FD656C100D2C2C2 /* BaseDemoUITests.xctest */;
			productType = "com.apple.product-type.bundle.ui-testing";
		};
/* End PBXNativeTarget section */

/* Begin PBXProject section */
		F67109271FD656C000D2C2C2 /* Project object */ = {
			isa = PBXProject;
			attributes = {
				LastUpgradeCheck = 0930;
				ORGANIZATIONNAME = "朴子hp";
				TargetAttributes = {
					F671092E1FD656C000D2C2C2 = {
						CreatedOnToolsVersion = 9.2;
						ProvisioningStyle = Automatic;
					};
					F67109461FD656C100D2C2C2 = {
						CreatedOnToolsVersion = 9.2;
						ProvisioningStyle = Automatic;
						TestTargetID = F671092E1FD656C000D2C2C2;
					};
					F67109511FD656C100D2C2C2 = {
						CreatedOnToolsVersion = 9.2;
						ProvisioningStyle = Automatic;
						TestTargetID = F671092E1FD656C000D2C2C2;
					};
				};
			};
			buildConfigurationList = F671092A1FD656C000D2C2C2 /* Build configuration list for PBXProject "BaseDemo" */;
			compatibilityVersion = "Xcode 8.0";
			developmentRegion = en;
			hasScannedForEncodings = 0;
			knownRegions = (
				en,
				Base,
			);
			mainGroup = F67109261FD656C000D2C2C2;
			productRefGroup = F67109301FD656C000D2C2C2 /* Products */;
			projectDirPath = "";
			projectRoot = "";
			targets = (
				F671092E1FD656C000D2C2C2 /* BaseDemo */,
				F67109461FD656C100D2C2C2 /* BaseDemoTests */,
				F67109511FD656C100D2C2C2 /* BaseDemoUITests */,
			);
		};
/* End PBXProject section */

/* Begin PBXResourcesBuildPhase section */
		F671092D1FD656C000D2C2C2 /* Resources */ = {
			isa = PBXResourcesBuildPhase;
			buildActionMask = 2147483647;
			files = (
				F6E8204420C68CF600D1901F /* ProgressHUD.bundle in Resources */,
				F671093F1FD656C000D2C2C2 /* LaunchScreen.storyboard in Resources */,
				F67C045420CA20D6009B8452 /* LICENSE in Resources */,
				F6407A9D20A68AB60029516D /* RocketView.xib in Resources */,
				F6407A9320A59DD80029516D /* SportsCarView.xib in Resources */,
				F6407A9820A59DE80029516D /* PlaneView.xib in Resources */,
				F67C045F20CA20D6009B8452 /* README.md in Resources */,
				F671093C1FD656C000D2C2C2 /* Assets.xcassets in Resources */,
				F671093A1FD656C000D2C2C2 /* Main.storyboard in Resources */,
			);
			runOnlyForDeploymentPostprocessing = 0;
		};
		F67109451FD656C100D2C2C2 /* Resources */ = {
			isa = PBXResourcesBuildPhase;
			buildActionMask = 2147483647;
			files = (
			);
			runOnlyForDeploymentPostprocessing = 0;
		};
		F67109501FD656C100D2C2C2 /* Resources */ = {
			isa = PBXResourcesBuildPhase;
			buildActionMask = 2147483647;
			files = (
			);
			runOnlyForDeploymentPostprocessing = 0;
		};
/* End PBXResourcesBuildPhase section */

/* Begin PBXShellScriptBuildPhase section */
		5CB982D41201DEE3AA489186 /* [CP] Copy Pods Resources */ = {
			isa = PBXShellScriptBuildPhase;
			buildActionMask = 2147483647;
			files = (
			);
			inputPaths = (
				"${SRCROOT}/Pods/Target Support Files/Pods-BaseDemo/Pods-BaseDemo-resources.sh",
				"${PODS_ROOT}/IQKeyboardManager/IQKeyboardManager/Resources/IQKeyboardManager.bundle",
				"${PODS_ROOT}/MJRefresh/MJRefresh/MJRefresh.bundle",
				"${PODS_ROOT}/SVProgressHUD/SVProgressHUD/SVProgressHUD.bundle",
			);
			name = "[CP] Copy Pods Resources";
			outputPaths = (
				"${TARGET_BUILD_DIR}/${UNLOCALIZED_RESOURCES_FOLDER_PATH}",
			);
			runOnlyForDeploymentPostprocessing = 0;
			shellPath = /bin/sh;
			shellScript = "\"${SRCROOT}/Pods/Target Support Files/Pods-BaseDemo/Pods-BaseDemo-resources.sh\"\n";
			showEnvVarsInLog = 0;
		};
		E23BAF07D963D7D1177CF018 /* [CP] Embed Pods Frameworks */ = {
			isa = PBXShellScriptBuildPhase;
			buildActionMask = 2147483647;
			files = (
			);
			inputPaths = (
			);
			name = "[CP] Embed Pods Frameworks";
			outputPaths = (
			);
			runOnlyForDeploymentPostprocessing = 0;
			shellPath = /bin/sh;
			shellScript = "\"${SRCROOT}/Pods/Target Support Files/Pods-BaseDemo/Pods-BaseDemo-frameworks.sh\"\n";
			showEnvVarsInLog = 0;
		};
		ECDF0528E99D5D778C6A3C91 /* [CP] Check Pods Manifest.lock */ = {
			isa = PBXShellScriptBuildPhase;
			buildActionMask = 2147483647;
			files = (
			);
			inputPaths = (
				"${PODS_PODFILE_DIR_PATH}/Podfile.lock",
				"${PODS_ROOT}/Manifest.lock",
			);
			name = "[CP] Check Pods Manifest.lock";
			outputPaths = (
				"$(DERIVED_FILE_DIR)/Pods-BaseDemo-checkManifestLockResult.txt",
			);
			runOnlyForDeploymentPostprocessing = 0;
			shellPath = /bin/sh;
			shellScript = "diff \"${PODS_PODFILE_DIR_PATH}/Podfile.lock\" \"${PODS_ROOT}/Manifest.lock\" > /dev/null\nif [ $? != 0 ] ; then\n    # print error to STDERR\n    echo \"error: The sandbox is not in sync with the Podfile.lock. Run 'pod install' or update your CocoaPods installation.\" >&2\n    exit 1\nfi\n# This output is used by Xcode 'outputs' to avoid re-running this script phase.\necho \"SUCCESS\" > \"${SCRIPT_OUTPUT_FILE_0}\"\n";
			showEnvVarsInLog = 0;
		};
/* End PBXShellScriptBuildPhase section */

/* Begin PBXSourcesBuildPhase section */
		F671092B1FD656C000D2C2C2 /* Sources */ = {
			isa = PBXSourcesBuildPhase;
			buildActionMask = 2147483647;
			files = (
				F6E8205420C68CF600D1901F /* Convert.m in Sources */,
				F6E8203D20C68CF600D1901F /* YYDiskCache.m in Sources */,
				F67C045620CA20D6009B8452 /* ViewController+MASAdditions.m in Sources */,
				F63428882063B89E00E2B9F5 /* NetworkCache.m in Sources */,
				F6DA141020AADBBC00B194B9 /* LoginViewController.m in Sources */,
				F6407A7A20A575280029516D /* FireworksView.m in Sources */,
				F6E8205120C68CF600D1901F /* AC_AVPlayerViewController.m in Sources */,
				F6DA13F220AACF2300B194B9 /* MainRootTabBarController.m in Sources */,
				F67C045520CA20D6009B8452 /* NSLayoutConstraint+MASDebugAdditions.m in Sources */,
				F6E8205220C68CF600D1901F /* AC_ProgressSlider.m in Sources */,
				F67C045720CA20D6009B8452 /* MASCompositeConstraint.m in Sources */,
				F6E8203F20C68CF600D1901F /* YYKVStorage.m in Sources */,
				F6DA141720ABCA7000B194B9 /* AnimationTableViewCell.m in Sources */,
				F6E8204A20C68CF600D1901F /* BaseModel.m in Sources */,
				F6407A9120A59DD30029516D /* SportsCarView.m in Sources */,
				F67109371FD656C000D2C2C2 /* ViewController.m in Sources */,
				F6E8203E20C68CF600D1901F /* YYCache.m in Sources */,
				F6E8204D20C68CF600D1901F /* CallWebView.m in Sources */,
				F6DA141420AAE5ED00B194B9 /* MainNavigationController.m in Sources */,
				F6E8204620C68CF600D1901F /* NSString+Extension.m in Sources */,
				F67C045C20CA20D6009B8452 /* MASConstraint.m in Sources */,
				F6D6A23720AECB520062CA3B /* NetworkStatus.m in Sources */,
				F67C045820CA20D6009B8452 /* MASConstraintMaker.m in Sources */,
				F6074F0F20B269000013A6C8 /* SnowView.m in Sources */,
				F6E8204C20C68CF600D1901F /* LPTitleModel.m in Sources */,
				F6E8204120C68CF600D1901F /* FilesManager.m in Sources */,
				F6C9098D1FD67C1C00C8F04C /* HttpServer.m in Sources */,
				F6DA140D20AADAEF00B194B9 /* PersonalCenterRootViewController.m in Sources */,
				F6E8205020C68CF600D1901F /* AC_AVPlayerView.m in Sources */,
				F67C045E20CA20D6009B8452 /* MASViewAttribute.m in Sources */,
				F67C045A20CA20D6009B8452 /* NSArray+MASAdditions.m in Sources */,
				F67C045B20CA20D6009B8452 /* View+MASAdditions.m in Sources */,
				F67C045920CA20D6009B8452 /* MASLayoutConstraint.m in Sources */,
				F6DA142720ABE08F00B194B9 /* LiveAnimationViewController.m in Sources */,
				F6E8204F20C68CF600D1901F /* NSDate+Extension.m in Sources */,
				F6DA140720AADA9C00B194B9 /* HomePageRootViewController.m in Sources */,
				F6C909911FD6965300C8F04C /* HttpBaseModel.m in Sources */,
				F64F4E2520AD30140060AD1A /* NetworkView.m in Sources */,
				F6E8204920C68CF600D1901F /* UIView+Extension.m in Sources */,
				F6407AA020A68CCF0029516D /* DiamondView.m in Sources */,
				F6E8204020C68CF600D1901F /* YYMemoryCache.m in Sources */,
				F6E8204520C68CF600D1901F /* ProgressHUD.m in Sources */,
				F6E8205320C68CF600D1901F /* Keyboard.m in Sources */,
				F6DA140A20AADACB00B194B9 /* ActivityRootViewController.m in Sources */,
				F6407A9B20A68AA20029516D /* RocketView.m in Sources */,
				F6E8204720C68CF600D1901F /* NSString+RegExp.m in Sources */,
				F67C045D20CA20D6009B8452 /* MASViewConstraint.m in Sources */,
				F6DA140420AADA7D00B194B9 /* ExploreRootViewController.m in Sources */,
				F67109421FD656C000D2C2C2 /* main.m in Sources */,
				F6407A9620A59DE40029516D /* PlaneView.m in Sources */,
				F6E8204220C68CF600D1901F /* MJHeadTool.m in Sources */,
				F6E8204820C68CF600D1901F /* Colors.m in Sources */,
				F6E8204E20C68CF600D1901F /* DateFormat.m in Sources */,
				F6E8204320C68CF600D1901F /* MJAutoFooterTool.m in Sources */,
				F6E8204B20C68CF600D1901F /* LPUserModel.m in Sources */,
				F67109341FD656C000D2C2C2 /* AppDelegate.m in Sources */,
			);
			runOnlyForDeploymentPostprocessing = 0;
		};
		F67109431FD656C100D2C2C2 /* Sources */ = {
			isa = PBXSourcesBuildPhase;
			buildActionMask = 2147483647;
			files = (
				F671094C1FD656C100D2C2C2 /* BaseDemoTests.m in Sources */,
			);
			runOnlyForDeploymentPostprocessing = 0;
		};
		F671094E1FD656C100D2C2C2 /* Sources */ = {
			isa = PBXSourcesBuildPhase;
			buildActionMask = 2147483647;
			files = (
				F67109571FD656C100D2C2C2 /* BaseDemoUITests.m in Sources */,
			);
			runOnlyForDeploymentPostprocessing = 0;
		};
/* End PBXSourcesBuildPhase section */

/* Begin PBXTargetDependency section */
		F67109491FD656C100D2C2C2 /* PBXTargetDependency */ = {
			isa = PBXTargetDependency;
			target = F671092E1FD656C000D2C2C2 /* BaseDemo */;
			targetProxy = F67109481FD656C100D2C2C2 /* PBXContainerItemProxy */;
		};
		F67109541FD656C100D2C2C2 /* PBXTargetDependency */ = {
			isa = PBXTargetDependency;
			target = F671092E1FD656C000D2C2C2 /* BaseDemo */;
			targetProxy = F67109531FD656C100D2C2C2 /* PBXContainerItemProxy */;
		};
/* End PBXTargetDependency section */

/* Begin PBXVariantGroup section */
		F67109381FD656C000D2C2C2 /* Main.storyboard */ = {
			isa = PBXVariantGroup;
			children = (
				F67109391FD656C000D2C2C2 /* Base */,
			);
			name = Main.storyboard;
			sourceTree = "<group>";
		};
		F671093D1FD656C000D2C2C2 /* LaunchScreen.storyboard */ = {
			isa = PBXVariantGroup;
			children = (
				F671093E1FD656C000D2C2C2 /* Base */,
			);
			name = LaunchScreen.storyboard;
			sourceTree = "<group>";
		};
/* End PBXVariantGroup section */

/* Begin XCBuildConfiguration section */
		F67109591FD656C100D2C2C2 /* Debug */ = {
			isa = XCBuildConfiguration;
			buildSettings = {
				ALWAYS_SEARCH_USER_PATHS = NO;
				CLANG_ANALYZER_NONNULL = YES;
				CLANG_ANALYZER_NUMBER_OBJECT_CONVERSION = YES_AGGRESSIVE;
				CLANG_CXX_LANGUAGE_STANDARD = "gnu++14";
				CLANG_CXX_LIBRARY = "libc++";
				CLANG_ENABLE_MODULES = YES;
				CLANG_ENABLE_OBJC_ARC = YES;
				CLANG_WARN_BLOCK_CAPTURE_AUTORELEASING = YES;
				CLANG_WARN_BOOL_CONVERSION = YES;
				CLANG_WARN_COMMA = YES;
				CLANG_WARN_CONSTANT_CONVERSION = YES;
				CLANG_WARN_DEPRECATED_OBJC_IMPLEMENTATIONS = YES;
				CLANG_WARN_DIRECT_OBJC_ISA_USAGE = YES_ERROR;
				CLANG_WARN_DOCUMENTATION_COMMENTS = YES;
				CLANG_WARN_EMPTY_BODY = YES;
				CLANG_WARN_ENUM_CONVERSION = YES;
				CLANG_WARN_INFINITE_RECURSION = YES;
				CLANG_WARN_INT_CONVERSION = YES;
				CLANG_WARN_NON_LITERAL_NULL_CONVERSION = YES;
				CLANG_WARN_OBJC_IMPLICIT_RETAIN_SELF = YES;
				CLANG_WARN_OBJC_LITERAL_CONVERSION = YES;
				CLANG_WARN_OBJC_ROOT_CLASS = YES_ERROR;
				CLANG_WARN_RANGE_LOOP_ANALYSIS = YES;
				CLANG_WARN_STRICT_PROTOTYPES = YES;
				CLANG_WARN_SUSPICIOUS_MOVE = YES;
				CLANG_WARN_UNGUARDED_AVAILABILITY = YES_AGGRESSIVE;
				CLANG_WARN_UNREACHABLE_CODE = YES;
				CLANG_WARN__DUPLICATE_METHOD_MATCH = YES;
				CODE_SIGN_IDENTITY = "iPhone Developer";
				COPY_PHASE_STRIP = NO;
				DEBUG_INFORMATION_FORMAT = dwarf;
				ENABLE_STRICT_OBJC_MSGSEND = YES;
				ENABLE_TESTABILITY = YES;
				GCC_C_LANGUAGE_STANDARD = gnu11;
				GCC_DYNAMIC_NO_PIC = NO;
				GCC_NO_COMMON_BLOCKS = YES;
				GCC_OPTIMIZATION_LEVEL = 0;
				GCC_PREPROCESSOR_DEFINITIONS = (
					"DEBUG=1",
					"$(inherited)",
				);
				GCC_WARN_64_TO_32_BIT_CONVERSION = YES;
				GCC_WARN_ABOUT_RETURN_TYPE = YES_ERROR;
				GCC_WARN_UNDECLARED_SELECTOR = YES;
				GCC_WARN_UNINITIALIZED_AUTOS = YES_AGGRESSIVE;
				GCC_WARN_UNUSED_FUNCTION = YES;
				GCC_WARN_UNUSED_VARIABLE = YES;
				IPHONEOS_DEPLOYMENT_TARGET = 11.2;
				MTL_ENABLE_DEBUG_INFO = YES;
				ONLY_ACTIVE_ARCH = YES;
				SDKROOT = iphoneos;
			};
			name = Debug;
		};
		F671095A1FD656C100D2C2C2 /* Release */ = {
			isa = XCBuildConfiguration;
			buildSettings = {
				ALWAYS_SEARCH_USER_PATHS = NO;
				CLANG_ANALYZER_NONNULL = YES;
				CLANG_ANALYZER_NUMBER_OBJECT_CONVERSION = YES_AGGRESSIVE;
				CLANG_CXX_LANGUAGE_STANDARD = "gnu++14";
				CLANG_CXX_LIBRARY = "libc++";
				CLANG_ENABLE_MODULES = YES;
				CLANG_ENABLE_OBJC_ARC = YES;
				CLANG_WARN_BLOCK_CAPTURE_AUTORELEASING = YES;
				CLANG_WARN_BOOL_CONVERSION = YES;
				CLANG_WARN_COMMA = YES;
				CLANG_WARN_CONSTANT_CONVERSION = YES;
				CLANG_WARN_DEPRECATED_OBJC_IMPLEMENTATIONS = YES;
				CLANG_WARN_DIRECT_OBJC_ISA_USAGE = YES_ERROR;
				CLANG_WARN_DOCUMENTATION_COMMENTS = YES;
				CLANG_WARN_EMPTY_BODY = YES;
				CLANG_WARN_ENUM_CONVERSION = YES;
				CLANG_WARN_INFINITE_RECURSION = YES;
				CLANG_WARN_INT_CONVERSION = YES;
				CLANG_WARN_NON_LITERAL_NULL_CONVERSION = YES;
				CLANG_WARN_OBJC_IMPLICIT_RETAIN_SELF = YES;
				CLANG_WARN_OBJC_LITERAL_CONVERSION = YES;
				CLANG_WARN_OBJC_ROOT_CLASS = YES_ERROR;
				CLANG_WARN_RANGE_LOOP_ANALYSIS = YES;
				CLANG_WARN_STRICT_PROTOTYPES = YES;
				CLANG_WARN_SUSPICIOUS_MOVE = YES;
				CLANG_WARN_UNGUARDED_AVAILABILITY = YES_AGGRESSIVE;
				CLANG_WARN_UNREACHABLE_CODE = YES;
				CLANG_WARN__DUPLICATE_METHOD_MATCH = YES;
				CODE_SIGN_IDENTITY = "iPhone Developer";
				COPY_PHASE_STRIP = NO;
				DEBUG_INFORMATION_FORMAT = "dwarf-with-dsym";
				ENABLE_NS_ASSERTIONS = NO;
				ENABLE_STRICT_OBJC_MSGSEND = YES;
				GCC_C_LANGUAGE_STANDARD = gnu11;
				GCC_NO_COMMON_BLOCKS = YES;
				GCC_WARN_64_TO_32_BIT_CONVERSION = YES;
				GCC_WARN_ABOUT_RETURN_TYPE = YES_ERROR;
				GCC_WARN_UNDECLARED_SELECTOR = YES;
				GCC_WARN_UNINITIALIZED_AUTOS = YES_AGGRESSIVE;
				GCC_WARN_UNUSED_FUNCTION = YES;
				GCC_WARN_UNUSED_VARIABLE = YES;
				IPHONEOS_DEPLOYMENT_TARGET = 11.2;
				MTL_ENABLE_DEBUG_INFO = NO;
				SDKROOT = iphoneos;
				VALIDATE_PRODUCT = YES;
			};
			name = Release;
		};
		F671095C1FD656C100D2C2C2 /* Debug */ = {
			isa = XCBuildConfiguration;
			baseConfigurationReference = DD7194171351374F7CB458E8 /* Pods-BaseDemo.debug.xcconfig */;
			buildSettings = {
				ASSETCATALOG_COMPILER_APPICON_NAME = AppIcon;
				CODE_SIGN_STYLE = Automatic;
				DEVELOPMENT_TEAM = HXSKT393M6;
				GCC_PRECOMPILE_PREFIX_HEADER = YES;
				GCC_PREFIX_HEADER = "$(SRCROOT)/PrefixHeader.pch";
				INFOPLIST_FILE = BaseDemo/Info.plist;
				IPHONEOS_DEPLOYMENT_TARGET = 9.0;
				LD_RUNPATH_SEARCH_PATHS = "$(inherited) @executable_path/Frameworks";
				PRODUCT_BUNDLE_IDENTIFIER = com.hp.BaseDemo;
				PRODUCT_NAME = "$(TARGET_NAME)";
				SHARED_PRECOMPS_DIR = "";
				TARGETED_DEVICE_FAMILY = 1;
			};
			name = Debug;
		};
		F671095D1FD656C100D2C2C2 /* Release */ = {
			isa = XCBuildConfiguration;
			baseConfigurationReference = E6A7F09EF163B01F6B2FD62F /* Pods-BaseDemo.release.xcconfig */;
			buildSettings = {
				ASSETCATALOG_COMPILER_APPICON_NAME = AppIcon;
				CODE_SIGN_STYLE = Automatic;
				DEVELOPMENT_TEAM = HXSKT393M6;
				GCC_PRECOMPILE_PREFIX_HEADER = YES;
				GCC_PREFIX_HEADER = "$(SRCROOT)/PrefixHeader.pch";
				INFOPLIST_FILE = BaseDemo/Info.plist;
				IPHONEOS_DEPLOYMENT_TARGET = 9.0;
				LD_RUNPATH_SEARCH_PATHS = "$(inherited) @executable_path/Frameworks";
				PRODUCT_BUNDLE_IDENTIFIER = com.hp.BaseDemo;
				PRODUCT_NAME = "$(TARGET_NAME)";
				SHARED_PRECOMPS_DIR = "";
				TARGETED_DEVICE_FAMILY = 1;
			};
			name = Release;
		};
		F671095F1FD656C100D2C2C2 /* Debug */ = {
			isa = XCBuildConfiguration;
			buildSettings = {
				BUNDLE_LOADER = "$(TEST_HOST)";
				CODE_SIGN_STYLE = Automatic;
				DEVELOPMENT_TEAM = 4VN752HTB2;
				INFOPLIST_FILE = BaseDemoTests/Info.plist;
				LD_RUNPATH_SEARCH_PATHS = "$(inherited) @executable_path/Frameworks @loader_path/Frameworks";
				PRODUCT_BUNDLE_IDENTIFIER = com.hp.BaseDemoTests;
				PRODUCT_NAME = "$(TARGET_NAME)";
				TARGETED_DEVICE_FAMILY = "1,2";
				TEST_HOST = "$(BUILT_PRODUCTS_DIR)/BaseDemo.app/BaseDemo";
			};
			name = Debug;
		};
		F67109601FD656C100D2C2C2 /* Release */ = {
			isa = XCBuildConfiguration;
			buildSettings = {
				BUNDLE_LOADER = "$(TEST_HOST)";
				CODE_SIGN_STYLE = Automatic;
				DEVELOPMENT_TEAM = 4VN752HTB2;
				INFOPLIST_FILE = BaseDemoTests/Info.plist;
				LD_RUNPATH_SEARCH_PATHS = "$(inherited) @executable_path/Frameworks @loader_path/Frameworks";
				PRODUCT_BUNDLE_IDENTIFIER = com.hp.BaseDemoTests;
				PRODUCT_NAME = "$(TARGET_NAME)";
				TARGETED_DEVICE_FAMILY = "1,2";
				TEST_HOST = "$(BUILT_PRODUCTS_DIR)/BaseDemo.app/BaseDemo";
			};
			name = Release;
		};
		F67109621FD656C100D2C2C2 /* Debug */ = {
			isa = XCBuildConfiguration;
			buildSettings = {
				CODE_SIGN_STYLE = Automatic;
				DEVELOPMENT_TEAM = 4VN752HTB2;
				INFOPLIST_FILE = BaseDemoUITests/Info.plist;
				LD_RUNPATH_SEARCH_PATHS = "$(inherited) @executable_path/Frameworks @loader_path/Frameworks";
				PRODUCT_BUNDLE_IDENTIFIER = com.hp.BaseDemoUITests;
				PRODUCT_NAME = "$(TARGET_NAME)";
				TARGETED_DEVICE_FAMILY = "1,2";
				TEST_TARGET_NAME = BaseDemo;
			};
			name = Debug;
		};
		F67109631FD656C100D2C2C2 /* Release */ = {
			isa = XCBuildConfiguration;
			buildSettings = {
				CODE_SIGN_STYLE = Automatic;
				DEVELOPMENT_TEAM = 4VN752HTB2;
				INFOPLIST_FILE = BaseDemoUITests/Info.plist;
				LD_RUNPATH_SEARCH_PATHS = "$(inherited) @executable_path/Frameworks @loader_path/Frameworks";
				PRODUCT_BUNDLE_IDENTIFIER = com.hp.BaseDemoUITests;
				PRODUCT_NAME = "$(TARGET_NAME)";
				TARGETED_DEVICE_FAMILY = "1,2";
				TEST_TARGET_NAME = BaseDemo;
			};
			name = Release;
		};
/* End XCBuildConfiguration section */

/* Begin XCConfigurationList section */
		F671092A1FD656C000D2C2C2 /* Build configuration list for PBXProject "BaseDemo" */ = {
			isa = XCConfigurationList;
			buildConfigurations = (
				F67109591FD656C100D2C2C2 /* Debug */,
				F671095A1FD656C100D2C2C2 /* Release */,
			);
			defaultConfigurationIsVisible = 0;
			defaultConfigurationName = Release;
		};
		F671095B1FD656C100D2C2C2 /* Build configuration list for PBXNativeTarget "BaseDemo" */ = {
			isa = XCConfigurationList;
			buildConfigurations = (
				F671095C1FD656C100D2C2C2 /* Debug */,
				F671095D1FD656C100D2C2C2 /* Release */,
			);
			defaultConfigurationIsVisible = 0;
			defaultConfigurationName = Release;
		};
		F671095E1FD656C100D2C2C2 /* Build configuration list for PBXNativeTarget "BaseDemoTests" */ = {
			isa = XCConfigurationList;
			buildConfigurations = (
				F671095F1FD656C100D2C2C2 /* Debug */,
				F67109601FD656C100D2C2C2 /* Release */,
			);
			defaultConfigurationIsVisible = 0;
			defaultConfigurationName = Release;
		};
		F67109611FD656C100D2C2C2 /* Build configuration list for PBXNativeTarget "BaseDemoUITests" */ = {
			isa = XCConfigurationList;
			buildConfigurations = (
				F67109621FD656C100D2C2C2 /* Debug */,
				F67109631FD656C100D2C2C2 /* Release */,
			);
			defaultConfigurationIsVisible = 0;
			defaultConfigurationName = Release;
		};
/* End XCConfigurationList section */
	};
	rootObject = F67109271FD656C000D2C2C2 /* Project object */;
}
